
Microsoft Visual Studio Solution File, Format Version 12.00
# Visual Studio Version 17
VisualStudioVersion = 17.14.36518.9
MinimumVisualStudioVersion = 10.0.40219.1
Project("{FAE04EC0-301F-11D3-BF4B-00C04F79EFBC}") = "Client", "Client\Client.csproj", "{F66EFD8A-49A2-40E0-B9C8-1C77D50F70E1}"
EndProject
Project("{888888A0-9F3D-457C-B088-3A5042F75D52}") = "Parsers", "Parsers\Parsers.pyproj", "{97D42BB0-B991-4B76-AE58-3FC9990585DC}"
EndProject
Project("{888888A0-9F3D-457C-B088-3A5042F75D52}") = "Analyzers", "Analyzers\Analyzers.pyproj", "{D80ACC66-7614-493B-A8C6-AA8F70812BB9}"
EndProject
Project("{888888A0-9F3D-457C-B088-3A5042F75D52}") = "Api", "Api\Api.pyproj", "{4C247899-689A-47A1-BA74-56B3EC6C6972}"
EndProject
Project("{888888A0-9F3D-457C-B088-3A5042F75D52}") = "Utils", "Utils\Utils.pyproj", "{0DFDBDA4-ACF9-4EED-8A96-B5D0349B0691}"
EndProject
Project("{888888A0-9F3D-457C-B088-3A5042F75D52}") = "Core", "Core\Core.pyproj", "{EA9AE078-9C11-4E5D-B446-5CECC0718C75}"
EndProject
Project("{2150E333-8FDC-42A3-9474-1A3956D46DE8}") = "Configs", "Configs", "{36D591C7-65C7-A0D1-1CBC-10CDE441BDC8}"
	ProjectSection(SolutionItems) = preProject
		Configs\BaseDataBaseConfig.json = Configs\BaseDataBaseConfig.json
		Configs\BrandCountryMap.json = Configs\BrandCountryMap.json
		Configs\LoggerConfig.json = Configs\LoggerConfig.json
		Configs\ParserDefaultSettings.json = Configs\ParserDefaultSettings.json
	EndProjectSection
EndProject
Project("{2150E333-8FDC-42A3-9474-1A3956D46DE8}") = "Databases", "Databases", "{7ACE479F-96BF-40CB-B286-D0DA12D0DEF5}"
	ProjectSection(SolutionItems) = preProject
		Databases\base.db = Databases\base.db
		Databases\test.db = Databases\test.db
	EndProjectSection
EndProject
Project("{2150E333-8FDC-42A3-9474-1A3956D46DE8}") = "Элементы решения", "Элементы решения", "{754FC069-D67B-A9D7-50A1-8D1CA196D8F1}"
	ProjectSection(SolutionItems) = preProject
		README.txt = README.txt
		requirements.lock.txt = requirements.lock.txt
		requirements.txt = requirements.txt
	EndProjectSection
EndProject
Project("{888888A0-9F3D-457C-B088-3A5042F75D52}") = "PipelineManagers", "PipelineManagers\PipelineManagers.pyproj", "{80239E5D-2F46-4645-8A7B-4835B0AB4C54}"
EndProject
Project("{2150E333-8FDC-42A3-9474-1A3956D46DE8}") = "Dictionaries", "Dictionaries", "{33CF9BBC-2E01-459B-999D-677978A2582C}"
	ProjectSection(SolutionItems) = preProject
		Configs\Dictionaries\BrandCountryMap.json = Configs\Dictionaries\BrandCountryMap.json
		Configs\Dictionaries\DriveTypeMap.json = Configs\Dictionaries\DriveTypeMap.json
		Configs\Dictionaries\FuelTypeMap.json = Configs\Dictionaries\FuelTypeMap.json
		Configs\Dictionaries\TransmissionMap.json = Configs\Dictionaries\TransmissionMap.json
	EndProjectSection
EndProject
Global
	GlobalSection(SolutionConfigurationPlatforms) = preSolution
		Debug|Any CPU = Debug|Any CPU
		Release|Any CPU = Release|Any CPU
	EndGlobalSection
	GlobalSection(ProjectConfigurationPlatforms) = postSolution
		{F66EFD8A-49A2-40E0-B9C8-1C77D50F70E1}.Debug|Any CPU.ActiveCfg = Debug|Any CPU
		{F66EFD8A-49A2-40E0-B9C8-1C77D50F70E1}.Debug|Any CPU.Build.0 = Debug|Any CPU
		{F66EFD8A-49A2-40E0-B9C8-1C77D50F70E1}.Release|Any CPU.ActiveCfg = Release|Any CPU
		{F66EFD8A-49A2-40E0-B9C8-1C77D50F70E1}.Release|Any CPU.Build.0 = Release|Any CPU
		{97D42BB0-B991-4B76-AE58-3FC9990585DC}.Debug|Any CPU.ActiveCfg = Debug|Any CPU
		{97D42BB0-B991-4B76-AE58-3FC9990585DC}.Release|Any CPU.ActiveCfg = Release|Any CPU
		{D80ACC66-7614-493B-A8C6-AA8F70812BB9}.Debug|Any CPU.ActiveCfg = Debug|Any CPU
		{D80ACC66-7614-493B-A8C6-AA8F70812BB9}.Release|Any CPU.ActiveCfg = Release|Any CPU
		{4C247899-689A-47A1-BA74-56B3EC6C6972}.Debug|Any CPU.ActiveCfg = Debug|Any CPU
		{4C247899-689A-47A1-BA74-56B3EC6C6972}.Release|Any CPU.ActiveCfg = Release|Any CPU
		{0DFDBDA4-ACF9-4EED-8A96-B5D0349B0691}.Debug|Any CPU.ActiveCfg = Debug|Any CPU
		{0DFDBDA4-ACF9-4EED-8A96-B5D0349B0691}.Release|Any CPU.ActiveCfg = Release|Any CPU
		{EA9AE078-9C11-4E5D-B446-5CECC0718C75}.Debug|Any CPU.ActiveCfg = Debug|Any CPU
		{EA9AE078-9C11-4E5D-B446-5CECC0718C75}.Release|Any CPU.ActiveCfg = Release|Any CPU
		{80239E5D-2F46-4645-8A7B-4835B0AB4C54}.Debug|Any CPU.ActiveCfg = Debug|Any CPU
		{80239E5D-2F46-4645-8A7B-4835B0AB4C54}.Release|Any CPU.ActiveCfg = Release|Any CPU
	EndGlobalSection
	GlobalSection(SolutionProperties) = preSolution
		HideSolutionNode = FALSE
	EndGlobalSection
	GlobalSection(NestedProjects) = preSolution
		{33CF9BBC-2E01-459B-999D-677978A2582C} = {36D591C7-65C7-A0D1-1CBC-10CDE441BDC8}
	EndGlobalSection
	GlobalSection(ExtensibilityGlobals) = postSolution
		SolutionGuid = {492FCECF-FB0F-4B61-8E20-AC3735C9B220}
	EndGlobalSection
EndGlobal
